
Microsoft Visual Studio Solution File, Format Version 12.00
# Visual Studio Version 17
VisualStudioVersion = 17.5.33103.201
MinimumVisualStudioVersion = 10.0.40219.1
Project("{9A19103F-16F7-4668-BE54-9A1E7A4F7556}") = "XE.Dottor.BlazorApp", "src\XE.Dottor.BlazorApp\XE.Dottor.BlazorApp.csproj", "{B08BE8BF-C427-4E39-8212-913686A253A2}"
EndProject
Project("{FAE04EC0-301F-11D3-BF4B-00C04F79EFBC}") = "XE.Dottor.EmptyBlazorApp", "src\XE.Dottor.EmptyBlazorApp\XE.Dottor.EmptyBlazorApp.csproj", "{092F8CF0-18EC-41B0-A0A7-3B45A7062965}"
EndProject
Global
	GlobalSection(SolutionConfigurationPlatforms) = preSolution
		Debug|Any CPU = Debug|Any CPU
		Release|Any CPU = Release|Any CPU
	EndGlobalSection
	GlobalSection(ProjectConfigurationPlatforms) = postSolution
		{B08BE8BF-C427-4E39-8212-913686A253A2}.Debug|Any CPU.ActiveCfg = Debug|Any CPU
		{B08BE8BF-C427-4E39-8212-913686A253A2}.Debug|Any CPU.Build.0 = Debug|Any CPU
		{B08BE8BF-C427-4E39-8212-913686A253A2}.Release|Any CPU.ActiveCfg = Release|Any CPU
		{B08BE8BF-C427-4E39-8212-913686A253A2}.Release|Any CPU.Build.0 = Release|Any CPU
		{092F8CF0-18EC-41B0-A0A7-3B45A7062965}.Debug|Any CPU.ActiveCfg = Debug|Any CPU
		{092F8CF0-18EC-41B0-A0A7-3B45A7062965}.Debug|Any CPU.Build.0 = Debug|Any CPU
		{092F8CF0-18EC-41B0-A0A7-3B45A7062965}.Release|Any CPU.ActiveCfg = Release|Any CPU
		{092F8CF0-18EC-41B0-A0A7-3B45A7062965}.Release|Any CPU.Build.0 = Release|Any CPU
	EndGlobalSection
	GlobalSection(SolutionProperties) = preSolution
		HideSolutionNode = FALSE
	EndGlobalSection
	GlobalSection(ExtensibilityGlobals) = postSolution
		SolutionGuid = {BA1A592E-C8E8-41E5-8A42-25AF5E42A303}
	EndGlobalSection
EndGlobal
